
Microsoft Visual Studio Solution File, Format Version 12.00
# Visual Studio Version 16
VisualStudioVersion = 16.0.30114.105
MinimumVisualStudioVersion = 10.0.40219.1
Project("{FAE04EC0-301F-11D3-BF4B-00C04F79EFBC}") = "Day53", "Day53\Day53.csproj", "{EBE4A5B4-ADA8-4E6A-8B91-2E2A82ADED68}"
EndProject
Global
	GlobalSection(SolutionConfigurationPlatforms) = preSolution
		Debug|Any CPU = Debug|Any CPU
		Release|Any CPU = Release|Any CPU
	EndGlobalSection
	GlobalSection(ProjectConfigurationPlatforms) = postSolution
		{EBE4A5B4-ADA8-4E6A-8B91-2E2A82ADED68}.Debug|Any CPU.ActiveCfg = Debug|Any CPU
		{EBE4A5B4-ADA8-4E6A-8B91-2E2A82ADED68}.Debug|Any CPU.Build.0 = Debug|Any CPU
		{EBE4A5B4-ADA8-4E6A-8B91-2E2A82ADED68}.Release|Any CPU.ActiveCfg = Release|Any CPU
		{EBE4A5B4-ADA8-4E6A-8B91-2E2A82ADED68}.Release|Any CPU.Build.0 = Release|Any CPU
	EndGlobalSection
	GlobalSection(SolutionProperties) = preSolution
		HideSolutionNode = FALSE
	EndGlobalSection
	GlobalSection(ExtensibilityGlobals) = postSolution
		SolutionGuid = {51E270B2-A646-48C6-BD0B-A92FE2056B2D}
	EndGlobalSection
EndGlobal
